
Microsoft Visual Studio Solution File, Format Version 12.00
# Visual Studio 15
VisualStudioVersion = 15.0.27428.2011
MinimumVisualStudioVersion = 10.0.40219.1
Project("{FAE04EC0-301F-11D3-BF4B-00C04F79EFBC}") = "VenPiece.Desktop", "VenPiece.Desktop\VenPiece.Desktop.csproj", "{A6E70D67-44C0-4909-8E22-1746015F64D7}"
EndProject
Global
	GlobalSection(SolutionConfigurationPlatforms) = preSolution
		Debug|Any CPU = Debug|Any CPU
		Release|Any CPU = Release|Any CPU
	EndGlobalSection
	GlobalSection(ProjectConfigurationPlatforms) = postSolution
		{A6E70D67-44C0-4909-8E22-1746015F64D7}.Debug|Any CPU.ActiveCfg = Debug|Any CPU
		{A6E70D67-44C0-4909-8E22-1746015F64D7}.Debug|Any CPU.Build.0 = Debug|Any CPU
		{A6E70D67-44C0-4909-8E22-1746015F64D7}.Release|Any CPU.ActiveCfg = Release|Any CPU
		{A6E70D67-44C0-4909-8E22-1746015F64D7}.Release|Any CPU.Build.0 = Release|Any CPU
	EndGlobalSection
	GlobalSection(SolutionProperties) = preSolution
		HideSolutionNode = FALSE
	EndGlobalSection
	GlobalSection(ExtensibilityGlobals) = postSolution
		SolutionGuid = {C74F63BA-4CF1-4B33-B83A-A65F1D373496}
	EndGlobalSection
EndGlobal
